
Microsoft Visual Studio Solution File, Format Version 12.00
# Visual Studio Version 17
VisualStudioVersion = 17.0.31903.59
MinimumVisualStudioVersion = 10.0.40219.1
Project("{FAE04EC0-301F-11D3-BF4B-00C04F79EFBC}") = "Swarm.Core", "Swarm.Core\Swarm.Core.csproj", "{529806CC-72D1-401A-9999-59E875F01EA4}"
EndProject
Project("{FAE04EC0-301F-11D3-BF4B-00C04F79EFBC}") = "Swarm.Formats", "Swarm.Formats\Swarm.Formats.csproj", "{57DBA332-6ED0-44D7-BF45-CE55A9207DE9}"
EndProject
Project("{FAE04EC0-301F-11D3-BF4B-00C04F79EFBC}") = "Swarm.Render", "Swarm.Render\Swarm.Render.csproj", "{59A9526B-8284-4E4F-AF7B-68833F4D4219}"
EndProject
Project("{FAE04EC0-301F-11D3-BF4B-00C04F79EFBC}") = "Swarm.Cli", "Swarm.Cli\Swarm.Cli.csproj", "{8A3C965C-C213-4733-AEA3-1529EE3B9DB3}"
EndProject
Project("{FAE04EC0-301F-11D3-BF4B-00C04F79EFBC}") = "Swarm.Tests", "..\tests\Swarm.Tests\Swarm.Tests.csproj", "{25CE2D3C-8C79-4583-8D6F-F5E3680ABC12}"
EndProject
Project("{FAE04EC0-301F-11D3-BF4B-00C04F79EFBC}") = "Swarm.Git", "Swarm.Git\Swarm.Git.csproj", "{6B8C83AC-2B6A-409C-AE1E-0193D11DAA72}"
EndProject
Project("{FAE04EC0-301F-11D3-BF4B-00C04F79EFBC}") = "Swarm.RunState", "Swarm.RunState\Swarm.RunState.csproj", "{D2E76B6F-B97E-4A25-8096-C07B6039A92A}"
EndProject
Project("{FAE04EC0-301F-11D3-BF4B-00C04F79EFBC}") = "Swarm.Gate", "Swarm.Gate\Swarm.Gate.csproj", "{1F475974-7A11-4E18-A3B7-4E6483D9FBDB}"
EndProject
Project("{FAE04EC0-301F-11D3-BF4B-00C04F79EFBC}") = "Swarm.Batching", "Swarm.Batching\Swarm.Batching.csproj", "{97C1959D-BA9A-4B6B-AF9A-7D9EB1991088}"
EndProject
Project("{FAE04EC0-301F-11D3-BF4B-00C04F79EFBC}") = "Swarm.TestGate.Cli", "Swarm.TestGate.Cli\Swarm.TestGate.Cli.csproj", "{92B452B2-8704-43C4-BE27-FCBE131380B5}"
EndProject
Project("{FAE04EC0-301F-11D3-BF4B-00C04F79EFBC}") = "Swarm.Batch.Cli", "Swarm.Batch.Cli\Swarm.Batch.Cli.csproj", "{D71AA894-F567-4E5C-B053-71F5921BB602}"
EndProject
Project("{FAE04EC0-301F-11D3-BF4B-00C04F79EFBC}") = "Swarm.Tools.Tests", "..\tests\Swarm.Tools.Tests\Swarm.Tools.Tests.csproj", "{16A48BDA-8A01-4481-864C-A8E7BDFD208C}"
EndProject
Project("{FAE04EC0-301F-11D3-BF4B-00C04F79EFBC}") = "Swarm.FakeSuite", "..\tests\Swarm.FakeSuite\Swarm.FakeSuite.csproj", "{DB51257A-0BAE-42B9-AF08-3F866C26B1D9}"
EndProject
Project("{FAE04EC0-301F-11D3-BF4B-00C04F79EFBC}") = "Swarm.Squashing", "Swarm.Squashing\Swarm.Squashing.csproj", "{53046D79-3299-464C-ADA8-42B27FB14046}"
EndProject
Project("{FAE04EC0-301F-11D3-BF4B-00C04F79EFBC}") = "Swarm.Squash.Cli", "Swarm.Squash.Cli\Swarm.Squash.Cli.csproj", "{4B8E637A-12EF-4289-A2BF-F82E3D6BA7A0}"
EndProject
Global
	GlobalSection(SolutionConfigurationPlatforms) = preSolution
		Debug|Any CPU = Debug|Any CPU
		Debug|x64 = Debug|x64
		Debug|x86 = Debug|x86
		Release|Any CPU = Release|Any CPU
		Release|x64 = Release|x64
		Release|x86 = Release|x86
	EndGlobalSection
	GlobalSection(ProjectConfigurationPlatforms) = postSolution
		{529806CC-72D1-401A-9999-59E875F01EA4}.Debug|Any CPU.ActiveCfg = Debug|Any CPU
		{529806CC-72D1-401A-9999-59E875F01EA4}.Debug|Any CPU.Build.0 = Debug|Any CPU
		{529806CC-72D1-401A-9999-59E875F01EA4}.Debug|x64.ActiveCfg = Debug|Any CPU
		{529806CC-72D1-401A-9999-59E875F01EA4}.Debug|x64.Build.0 = Debug|Any CPU
		{529806CC-72D1-401A-9999-59E875F01EA4}.Debug|x86.ActiveCfg = Debug|Any CPU
		{529806CC-72D1-401A-9999-59E875F01EA4}.Debug|x86.Build.0 = Debug|Any CPU
		{529806CC-72D1-401A-9999-59E875F01EA4}.Release|Any CPU.ActiveCfg = Release|Any CPU
		{529806CC-72D1-401A-9999-59E875F01EA4}.Release|Any CPU.Build.0 = Release|Any CPU
		{529806CC-72D1-401A-9999-59E875F01EA4}.Release|x64.ActiveCfg = Release|Any CPU
		{529806CC-72D1-401A-9999-59E875F01EA4}.Release|x64.Build.0 = Release|Any CPU
		{529806CC-72D1-401A-9999-59E875F01EA4}.Release|x86.ActiveCfg = Release|Any CPU
		{529806CC-72D1-401A-9999-59E875F01EA4}.Release|x86.Build.0 = Release|Any CPU
		{57DBA332-6ED0-44D7-BF45-CE55A9207DE9}.Debug|Any CPU.ActiveCfg = Debug|Any CPU
		{57DBA332-6ED0-44D7-BF45-CE55A9207DE9}.Debug|Any CPU.Build.0 = Debug|Any CPU
		{57DBA332-6ED0-44D7-BF45-CE55A9207DE9}.Debug|x64.ActiveCfg = Debug|Any CPU
		{57DBA332-6ED0-44D7-BF45-CE55A9207DE9}.Debug|x64.Build.0 = Debug|Any CPU
		{57DBA332-6ED0-44D7-BF45-CE55A9207DE9}.Debug|x86.ActiveCfg = Debug|Any CPU
		{57DBA332-6ED0-44D7-BF45-CE55A9207DE9}.Debug|x86.Build.0 = Debug|Any CPU
		{57DBA332-6ED0-44D7-BF45-CE55A9207DE9}.Release|Any CPU.ActiveCfg = Release|Any CPU
		{57DBA332-6ED0-44D7-BF45-CE55A9207DE9}.Release|Any CPU.Build.0 = Release|Any CPU
		{57DBA332-6ED0-44D7-BF45-CE55A9207DE9}.Release|x64.ActiveCfg = Release|Any CPU
		{57DBA332-6ED0-44D7-BF45-CE55A9207DE9}.Release|x64.Build.0 = Release|Any CPU
		{57DBA332-6ED0-44D7-BF45-CE55A9207DE9}.Release|x86.ActiveCfg = Release|Any CPU
		{57DBA332-6ED0-44D7-BF45-CE55A9207DE9}.Release|x86.Build.0 = Release|Any CPU
		{59A9526B-8284-4E4F-AF7B-68833F4D4219}.Debug|Any CPU.ActiveCfg = Debug|Any CPU
		{59A9526B-8284-4E4F-AF7B-68833F4D4219}.Debug|Any CPU.Build.0 = Debug|Any CPU
		{59A9526B-8284-4E4F-AF7B-68833F4D4219}.Debug|x64.ActiveCfg = Debug|Any CPU
		{59A9526B-8284-4E4F-AF7B-68833F4D4219}.Debug|x64.Build.0 = Debug|Any CPU
		{59A9526B-8284-4E4F-AF7B-68833F4D4219}.Debug|x86.ActiveCfg = Debug|Any CPU
		{59A9526B-8284-4E4F-AF7B-68833F4D4219}.Debug|x86.Build.0 = Debug|Any CPU
		{59A9526B-8284-4E4F-AF7B-68833F4D4219}.Release|Any CPU.ActiveCfg = Release|Any CPU
		{59A9526B-8284-4E4F-AF7B-68833F4D4219}.Release|Any CPU.Build.0 = Release|Any CPU
		{59A9526B-8284-4E4F-AF7B-68833F4D4219}.Release|x64.ActiveCfg = Release|Any CPU
		{59A9526B-8284-4E4F-AF7B-68833F4D4219}.Release|x64.Build.0 = Release|Any CPU
		{59A9526B-8284-4E4F-AF7B-68833F4D4219}.Release|x86.ActiveCfg = Release|Any CPU
		{59A9526B-8284-4E4F-AF7B-68833F4D4219}.Release|x86.Build.0 = Release|Any CPU
		{8A3C965C-C213-4733-AEA3-1529EE3B9DB3}.Debug|Any CPU.ActiveCfg = Debug|Any CPU
		{8A3C965C-C213-4733-AEA3-1529EE3B9DB3}.Debug|Any CPU.Build.0 = Debug|Any CPU
		{8A3C965C-C213-4733-AEA3-1529EE3B9DB3}.Debug|x64.ActiveCfg = Debug|Any CPU
		{8A3C965C-C213-4733-AEA3-1529EE3B9DB3}.Debug|x64.Build.0 = Debug|Any CPU
		{8A3C965C-C213-4733-AEA3-1529EE3B9DB3}.Debug|x86.ActiveCfg = Debug|Any CPU
		{8A3C965C-C213-4733-AEA3-1529EE3B9DB3}.Debug|x86.Build.0 = Debug|Any CPU
		{8A3C965C-C213-4733-AEA3-1529EE3B9DB3}.Release|Any CPU.ActiveCfg = Release|Any CPU
		{8A3C965C-C213-4733-AEA3-1529EE3B9DB3}.Release|Any CPU.Build.0 = Release|Any CPU
		{8A3C965C-C213-4733-AEA3-1529EE3B9DB3}.Release|x64.ActiveCfg = Release|Any CPU
		{8A3C965C-C213-4733-AEA3-1529EE3B9DB3}.Release|x64.Build.0 = Release|Any CPU
		{8A3C965C-C213-4733-AEA3-1529EE3B9DB3}.Release|x86.ActiveCfg = Release|Any CPU
		{8A3C965C-C213-4733-AEA3-1529EE3B9DB3}.Release|x86.Build.0 = Release|Any CPU
		{25CE2D3C-8C79-4583-8D6F-F5E3680ABC12}.Debug|Any CPU.ActiveCfg = Debug|Any CPU
		{25CE2D3C-8C79-4583-8D6F-F5E3680ABC12}.Debug|Any CPU.Build.0 = Debug|Any CPU
		{25CE2D3C-8C79-4583-8D6F-F5E3680ABC12}.Debug|x64.ActiveCfg = Debug|Any CPU
		{25CE2D3C-8C79-4583-8D6F-F5E3680ABC12}.Debug|x64.Build.0 = Debug|Any CPU
		{25CE2D3C-8C79-4583-8D6F-F5E3680ABC12}.Debug|x86.ActiveCfg = Debug|Any CPU
		{25CE2D3C-8C79-4583-8D6F-F5E3680ABC12}.Debug|x86.Build.0 = Debug|Any CPU
		{25CE2D3C-8C79-4583-8D6F-F5E3680ABC12}.Release|Any CPU.ActiveCfg = Release|Any CPU
		{25CE2D3C-8C79-4583-8D6F-F5E3680ABC12}.Release|Any CPU.Build.0 = Release|Any CPU
		{25CE2D3C-8C79-4583-8D6F-F5E3680ABC12}.Release|x64.ActiveCfg = Release|Any CPU
		{25CE2D3C-8C79-4583-8D6F-F5E3680ABC12}.Release|x64.Build.0 = Release|Any CPU
		{25CE2D3C-8C79-4583-8D6F-F5E3680ABC12}.Release|x86.ActiveCfg = Release|Any CPU
		{25CE2D3C-8C79-4583-8D6F-F5E3680ABC12}.Release|x86.Build.0 = Release|Any CPU
		{6B8C83AC-2B6A-409C-AE1E-0193D11DAA72}.Debug|Any CPU.ActiveCfg = Debug|Any CPU
		{6B8C83AC-2B6A-409C-AE1E-0193D11DAA72}.Debug|Any CPU.Build.0 = Debug|Any CPU
		{6B8C83AC-2B6A-409C-AE1E-0193D11DAA72}.Debug|x64.ActiveCfg = Debug|Any CPU
		{6B8C83AC-2B6A-409C-AE1E-0193D11DAA72}.Debug|x64.Build.0 = Debug|Any CPU
		{6B8C83AC-2B6A-409C-AE1E-0193D11DAA72}.Debug|x86.ActiveCfg = Debug|Any CPU
		{6B8C83AC-2B6A-409C-AE1E-0193D11DAA72}.Debug|x86.Build.0 = Debug|Any CPU
		{6B8C83AC-2B6A-409C-AE1E-0193D11DAA72}.Release|Any CPU.ActiveCfg = Release|Any CPU
		{6B8C83AC-2B6A-409C-AE1E-0193D11DAA72}.Release|Any CPU.Build.0 = Release|Any CPU
		{6B8C83AC-2B6A-409C-AE1E-0193D11DAA72}.Release|x64.ActiveCfg = Release|Any CPU
		{6B8C83AC-2B6A-409C-AE1E-0193D11DAA72}.Release|x64.Build.0 = Release|Any CPU
		{6B8C83AC-2B6A-409C-AE1E-0193D11DAA72}.Release|x86.ActiveCfg = Release|Any CPU
		{6B8C83AC-2B6A-409C-AE1E-0193D11DAA72}.Release|x86.Build.0 = Release|Any CPU
		{D2E76B6F-B97E-4A25-8096-C07B6039A92A}.Debug|Any CPU.ActiveCfg = Debug|Any CPU
		{D2E76B6F-B97E-4A25-8096-C07B6039A92A}.Debug|Any CPU.Build.0 = Debug|Any CPU
		{D2E76B6F-B97E-4A25-8096-C07B6039A92A}.Debug|x64.ActiveCfg = Debug|Any CPU
		{D2E76B6F-B97E-4A25-8096-C07B6039A92A}.Debug|x64.Build.0 = Debug|Any CPU
		{D2E76B6F-B97E-4A25-8096-C07B6039A92A}.Debug|x86.ActiveCfg = Debug|Any CPU
		{D2E76B6F-B97E-4A25-8096-C07B6039A92A}.Debug|x86.Build.0 = Debug|Any CPU
		{D2E76B6F-B97E-4A25-8096-C07B6039A92A}.Release|Any CPU.ActiveCfg = Release|Any CPU
		{D2E76B6F-B97E-4A25-8096-C07B6039A92A}.Release|Any CPU.Build.0 = Release|Any CPU
		{D2E76B6F-B97E-4A25-8096-C07B6039A92A}.Release|x64.ActiveCfg = Release|Any CPU
		{D2E76B6F-B97E-4A25-8096-C07B6039A92A}.Release|x64.Build.0 = Release|Any CPU
		{D2E76B6F-B97E-4A25-8096-C07B6039A92A}.Release|x86.ActiveCfg = Release|Any CPU
		{D2E76B6F-B97E-4A25-8096-C07B6039A92A}.Release|x86.Build.0 = Release|Any CPU
		{1F475974-7A11-4E18-A3B7-4E6483D9FBDB}.Debug|Any CPU.ActiveCfg = Debug|Any CPU
		{1F475974-7A11-4E18-A3B7-4E6483D9FBDB}.Debug|Any CPU.Build.0 = Debug|Any CPU
		{1F475974-7A11-4E18-A3B7-4E6483D9FBDB}.Debug|x64.ActiveCfg = Debug|Any CPU
		{1F475974-7A11-4E18-A3B7-4E6483D9FBDB}.Debug|x64.Build.0 = Debug|Any CPU
		{1F475974-7A11-4E18-A3B7-4E6483D9FBDB}.Debug|x86.ActiveCfg = Debug|Any CPU
		{1F475974-7A11-4E18-A3B7-4E6483D9FBDB}.Debug|x86.Build.0 = Debug|Any CPU
		{1F475974-7A11-4E18-A3B7-4E6483D9FBDB}.Release|Any CPU.ActiveCfg = Release|Any CPU
		{1F475974-7A11-4E18-A3B7-4E6483D9FBDB}.Release|Any CPU.Build.0 = Release|Any CPU
		{1F475974-7A11-4E18-A3B7-4E6483D9FBDB}.Release|x64.ActiveCfg = Release|Any CPU
		{1F475974-7A11-4E18-A3B7-4E6483D9FBDB}.Release|x64.Build.0 = Release|Any CPU
		{1F475974-7A11-4E18-A3B7-4E6483D9FBDB}.Release|x86.ActiveCfg = Release|Any CPU
		{1F475974-7A11-4E18-A3B7-4E6483D9FBDB}.Release|x86.Build.0 = Release|Any CPU
		{97C1959D-BA9A-4B6B-AF9A-7D9EB1991088}.Debug|Any CPU.ActiveCfg = Debug|Any CPU
		{97C1959D-BA9A-4B6B-AF9A-7D9EB1991088}.Debug|Any CPU.Build.0 = Debug|Any CPU
		{97C1959D-BA9A-4B6B-AF9A-7D9EB1991088}.Debug|x64.ActiveCfg = Debug|Any CPU
		{97C1959D-BA9A-4B6B-AF9A-7D9EB1991088}.Debug|x64.Build.0 = Debug|Any CPU
		{97C1959D-BA9A-4B6B-AF9A-7D9EB1991088}.Debug|x86.ActiveCfg = Debug|Any CPU
		{97C1959D-BA9A-4B6B-AF9A-7D9EB1991088}.Debug|x86.Build.0 = Debug|Any CPU
		{97C1959D-BA9A-4B6B-AF9A-7D9EB1991088}.Release|Any CPU.ActiveCfg = Release|Any CPU
		{97C1959D-BA9A-4B6B-AF9A-7D9EB1991088}.Release|Any CPU.Build.0 = Release|Any CPU
		{97C1959D-BA9A-4B6B-AF9A-7D9EB1991088}.Release|x64.ActiveCfg = Release|Any CPU
		{97C1959D-BA9A-4B6B-AF9A-7D9EB1991088}.Release|x64.Build.0 = Release|Any CPU
		{97C1959D-BA9A-4B6B-AF9A-7D9EB1991088}.Release|x86.ActiveCfg = Release|Any CPU
		{97C1959D-BA9A-4B6B-AF9A-7D9EB1991088}.Release|x86.Build.0 = Release|Any CPU
		{92B452B2-8704-43C4-BE27-FCBE131380B5}.Debug|Any CPU.ActiveCfg = Debug|Any CPU
		{92B452B2-8704-43C4-BE27-FCBE131380B5}.Debug|Any CPU.Build.0 = Debug|Any CPU
		{92B452B2-8704-43C4-BE27-FCBE131380B5}.Debug|x64.ActiveCfg = Debug|Any CPU
		{92B452B2-8704-43C4-BE27-FCBE131380B5}.Debug|x64.Build.0 = Debug|Any CPU
		{92B452B2-8704-43C4-BE27-FCBE131380B5}.Debug|x86.ActiveCfg = Debug|Any CPU
		{92B452B2-8704-43C4-BE27-FCBE131380B5}.Debug|x86.Build.0 = Debug|Any CPU
		{92B452B2-8704-43C4-BE27-FCBE131380B5}.Release|Any CPU.ActiveCfg = Release|Any CPU
		{92B452B2-8704-43C4-BE27-FCBE131380B5}.Release|Any CPU.Build.0 = Release|Any CPU
		{92B452B2-8704-43C4-BE27-FCBE131380B5}.Release|x64.ActiveCfg = Release|Any CPU
		{92B452B2-8704-43C4-BE27-FCBE131380B5}.Release|x64.Build.0 = Release|Any CPU
		{92B452B2-8704-43C4-BE27-FCBE131380B5}.Release|x86.ActiveCfg = Release|Any CPU
		{92B452B2-8704-43C4-BE27-FCBE131380B5}.Release|x86.Build.0 = Release|Any CPU
		{D71AA894-F567-4E5C-B053-71F5921BB602}.Debug|Any CPU.ActiveCfg = Debug|Any CPU
		{D71AA894-F567-4E5C-B053-71F5921BB602}.Debug|Any CPU.Build.0 = Debug|Any CPU
		{D71AA894-F567-4E5C-B053-71F5921BB602}.Debug|x64.ActiveCfg = Debug|Any CPU
		{D71AA894-F567-4E5C-B053-71F5921BB602}.Debug|x64.Build.0 = Debug|Any CPU
		{D71AA894-F567-4E5C-B053-71F5921BB602}.Debug|x86.ActiveCfg = Debug|Any CPU
		{D71AA894-F567-4E5C-B053-71F5921BB602}.Debug|x86.Build.0 = Debug|Any CPU
		{D71AA894-F567-4E5C-B053-71F5921BB602}.Release|Any CPU.ActiveCfg = Release|Any CPU
		{D71AA894-F567-4E5C-B053-71F5921BB602}.Release|Any CPU.Build.0 = Release|Any CPU
		{D71AA894-F567-4E5C-B053-71F5921BB602}.Release|x64.ActiveCfg = Release|Any CPU
		{D71AA894-F567-4E5C-B053-71F5921BB602}.Release|x64.Build.0 = Release|Any CPU
		{D71AA894-F567-4E5C-B053-71F5921BB602}.Release|x86.ActiveCfg = Release|Any CPU
		{D71AA894-F567-4E5C-B053-71F5921BB602}.Release|x86.Build.0 = Release|Any CPU
		{16A48BDA-8A01-4481-864C-A8E7BDFD208C}.Debug|Any CPU.ActiveCfg = Debug|Any CPU
		{16A48BDA-8A01-4481-864C-A8E7BDFD208C}.Debug|Any CPU.Build.0 = Debug|Any CPU
		{16A48BDA-8A01-4481-864C-A8E7BDFD208C}.Debug|x64.ActiveCfg = Debug|Any CPU
		{16A48BDA-8A01-4481-864C-A8E7BDFD208C}.Debug|x64.Build.0 = Debug|Any CPU
		{16A48BDA-8A01-4481-864C-A8E7BDFD208C}.Debug|x86.ActiveCfg = Debug|Any CPU
		{16A48BDA-8A01-4481-864C-A8E7BDFD208C}.Debug|x86.Build.0 = Debug|Any CPU
		{16A48BDA-8A01-4481-864C-A8E7BDFD208C}.Release|Any CPU.ActiveCfg = Release|Any CPU
		{16A48BDA-8A01-4481-864C-A8E7BDFD208C}.Release|Any CPU.Build.0 = Release|Any CPU
		{16A48BDA-8A01-4481-864C-A8E7BDFD208C}.Release|x64.ActiveCfg = Release|Any CPU
		{16A48BDA-8A01-4481-864C-A8E7BDFD208C}.Release|x64.Build.0 = Release|Any CPU
		{16A48BDA-8A01-4481-864C-A8E7BDFD208C}.Release|x86.ActiveCfg = Release|Any CPU
		{16A48BDA-8A01-4481-864C-A8E7BDFD208C}.Release|x86.Build.0 = Release|Any CPU
		{DB51257A-0BAE-42B9-AF08-3F866C26B1D9}.Debug|Any CPU.ActiveCfg = Debug|Any CPU
		{DB51257A-0BAE-42B9-AF08-3F866C26B1D9}.Debug|Any CPU.Build.0 = Debug|Any CPU
		{DB51257A-0BAE-42B9-AF08-3F866C26B1D9}.Debug|x64.ActiveCfg = Debug|Any CPU
		{DB51257A-0BAE-42B9-AF08-3F866C26B1D9}.Debug|x64.Build.0 = Debug|Any CPU
		{DB51257A-0BAE-42B9-AF08-3F866C26B1D9}.Debug|x86.ActiveCfg = Debug|Any CPU
		{DB51257A-0BAE-42B9-AF08-3F866C26B1D9}.Debug|x86.Build.0 = Debug|Any CPU
		{DB51257A-0BAE-42B9-AF08-3F866C26B1D9}.Release|Any CPU.ActiveCfg = Release|Any CPU
		{DB51257A-0BAE-42B9-AF08-3F866C26B1D9}.Release|Any CPU.Build.0 = Release|Any CPU
		{DB51257A-0BAE-42B9-AF08-3F866C26B1D9}.Release|x64.ActiveCfg = Release|Any CPU
		{DB51257A-0BAE-42B9-AF08-3F866C26B1D9}.Release|x64.Build.0 = Release|Any CPU
		{DB51257A-0BAE-42B9-AF08-3F866C26B1D9}.Release|x86.ActiveCfg = Release|Any CPU
		{DB51257A-0BAE-42B9-AF08-3F866C26B1D9}.Release|x86.Build.0 = Release|Any CPU
		{53046D79-3299-464C-ADA8-42B27FB14046}.Debug|Any CPU.ActiveCfg = Debug|Any CPU
		{53046D79-3299-464C-ADA8-42B27FB14046}.Debug|Any CPU.Build.0 = Debug|Any CPU
		{53046D79-3299-464C-ADA8-42B27FB14046}.Debug|x64.ActiveCfg = Debug|Any CPU
		{53046D79-3299-464C-ADA8-42B27FB14046}.Debug|x64.Build.0 = Debug|Any CPU
		{53046D79-3299-464C-ADA8-42B27FB14046}.Debug|x86.ActiveCfg = Debug|Any CPU
		{53046D79-3299-464C-ADA8-42B27FB14046}.Debug|x86.Build.0 = Debug|Any CPU
		{53046D79-3299-464C-ADA8-42B27FB14046}.Release|Any CPU.ActiveCfg = Release|Any CPU
		{53046D79-3299-464C-ADA8-42B27FB14046}.Release|Any CPU.Build.0 = Release|Any CPU
		{53046D79-3299-464C-ADA8-42B27FB14046}.Release|x64.ActiveCfg = Release|Any CPU
		{53046D79-3299-464C-ADA8-42B27FB14046}.Release|x64.Build.0 = Release|Any CPU
		{53046D79-3299-464C-ADA8-42B27FB14046}.Release|x86.ActiveCfg = Release|Any CPU
		{53046D79-3299-464C-ADA8-42B27FB14046}.Release|x86.Build.0 = Release|Any CPU
		{4B8E637A-12EF-4289-A2BF-F82E3D6BA7A0}.Debug|Any CPU.ActiveCfg = Debug|Any CPU
		{4B8E637A-12EF-4289-A2BF-F82E3D6BA7A0}.Debug|Any CPU.Build.0 = Debug|Any CPU
		{4B8E637A-12EF-4289-A2BF-F82E3D6BA7A0}.Debug|x64.ActiveCfg = Debug|Any CPU
		{4B8E637A-12EF-4289-A2BF-F82E3D6BA7A0}.Debug|x64.Build.0 = Debug|Any CPU
		{4B8E637A-12EF-4289-A2BF-F82E3D6BA7A0}.Debug|x86.ActiveCfg = Debug|Any CPU
		{4B8E637A-12EF-4289-A2BF-F82E3D6BA7A0}.Debug|x86.Build.0 = Debug|Any CPU
		{4B8E637A-12EF-4289-A2BF-F82E3D6BA7A0}.Release|Any CPU.ActiveCfg = Release|Any CPU
		{4B8E637A-12EF-4289-A2BF-F82E3D6BA7A0}.Release|Any CPU.Build.0 = Release|Any CPU
		{4B8E637A-12EF-4289-A2BF-F82E3D6BA7A0}.Release|x64.ActiveCfg = Release|Any CPU
		{4B8E637A-12EF-4289-A2BF-F82E3D6BA7A0}.Release|x64.Build.0 = Release|Any CPU
		{4B8E637A-12EF-4289-A2BF-F82E3D6BA7A0}.Release|x86.ActiveCfg = Release|Any CPU
		{4B8E637A-12EF-4289-A2BF-F82E3D6BA7A0}.Release|x86.Build.0 = Release|Any CPU
	EndGlobalSection
	GlobalSection(SolutionProperties) = preSolution
		HideSolutionNode = FALSE
	EndGlobalSection
EndGlobal
